
Microsoft Visual Studio Solution File, Format Version 12.00
# Visual Studio 15
VisualStudioVersion = 15.0.27130.2003
MinimumVisualStudioVersion = 10.0.40219.1
Project("{FAE04EC0-301F-11D3-BF4B-00C04F79EFBC}") = "imageClassification", "imageClassification\imageClassification.csproj", "{B4F90896-B969-484D-B398-0FB396F739DA}"
EndProject
Global
	GlobalSection(SolutionConfigurationPlatforms) = preSolution
		Debug|Any CPU = Debug|Any CPU
		Release|Any CPU = Release|Any CPU
	EndGlobalSection
	GlobalSection(ProjectConfigurationPlatforms) = postSolution
		{B4F90896-B969-484D-B398-0FB396F739DA}.Debug|Any CPU.ActiveCfg = Debug|Any CPU
		{B4F90896-B969-484D-B398-0FB396F739DA}.Debug|Any CPU.Build.0 = Debug|Any CPU
		{B4F90896-B969-484D-B398-0FB396F739DA}.Release|Any CPU.ActiveCfg = Release|Any CPU
		{B4F90896-B969-484D-B398-0FB396F739DA}.Release|Any CPU.Build.0 = Release|Any CPU
	EndGlobalSection
	GlobalSection(SolutionProperties) = preSolution
		HideSolutionNode = FALSE
	EndGlobalSection
	GlobalSection(ExtensibilityGlobals) = postSolution
		SolutionGuid = {E9099AB7-740E-468B-A419-8A47973BDAF2}
	EndGlobalSection
EndGlobal
